
Microsoft Visual Studio Solution File, Format Version 12.00
# Visual Studio Version 16
VisualStudioVersion = 16.0.29806.167
MinimumVisualStudioVersion = 10.0.40219.1
Project("{FAE04EC0-301F-11D3-BF4B-00C04F79EFBC}") = "TaskAway", "TaskAway.csproj", "{46BCC66C-28DB-4D0A-AD11-EC78522B344B}"
EndProject
Global
	GlobalSection(SolutionConfigurationPlatforms) = preSolution
		Debug|Any CPU = Debug|Any CPU
		Release|Any CPU = Release|Any CPU
	EndGlobalSection
	GlobalSection(ProjectConfigurationPlatforms) = postSolution
		{46BCC66C-28DB-4D0A-AD11-EC78522B344B}.Debug|Any CPU.ActiveCfg = Debug|Any CPU
		{46BCC66C-28DB-4D0A-AD11-EC78522B344B}.Debug|Any CPU.Build.0 = Debug|Any CPU
		{46BCC66C-28DB-4D0A-AD11-EC78522B344B}.Release|Any CPU.ActiveCfg = Release|Any CPU
		{46BCC66C-28DB-4D0A-AD11-EC78522B344B}.Release|Any CPU.Build.0 = Release|Any CPU
	EndGlobalSection
	GlobalSection(SolutionProperties) = preSolution
		HideSolutionNode = FALSE
	EndGlobalSection
	GlobalSection(ExtensibilityGlobals) = postSolution
		SolutionGuid = {A18A583A-1C1E-44BB-BB8C-52800AEC9831}
	EndGlobalSection
EndGlobal
